{
  "name": "@mattwiebe/wp-home-inference",
  "version": "0.1.4",
  "lockfileVersion": 3,
  "requires": true,
  "packages": {
    "": {
      "name": "@mattwiebe/wp-home-inference",
      "version": "0.1.4",
      "license": "GPL-2.0-or-later",
      "bin": {
        "wp-home-inference": "bin/wp-home-inference.mjs",
        "wphi": "bin/wp-home-inference.mjs"
      },
      "engines": {
        "node": ">=20"
      }
    }
  }
}
